
Microsoft Visual Studio Solution File, Format Version 12.00
# Visual Studio Version 16
VisualStudioVersion = 16.0.29519.87
MinimumVisualStudioVersion = 10.0.40219.1
Project("{9A19103F-16F7-4668-BE54-9A1E7A4F7556}") = "OpenXmlPowerTools", "OpenXmlPowerTools\OpenXmlPowerTools.csproj", "{6F957FF3-AFCC-4D69-8FBC-71AE21BC45C9}"
EndProject
Project("{9A19103F-16F7-4668-BE54-9A1E7A4F7556}") = "ListItemRetriever01", "OpenXmlPowerToolsExamples\ListItemRetriever01\ListItemRetriever01.csproj", "{04935FA6-E48B-496F-8D6A-41A59232303D}"
EndProject
Project("{9A19103F-16F7-4668-BE54-9A1E7A4F7556}") = "OpenXmlPowerTools.Tests", "OpenXmlPowerTools.Tests\OpenXmlPowerTools.Tests.csproj", "{B1328B70-33B8-40E0-A729-38C34D659B5C}"
EndProject
Project("{2150E333-8FDC-42A3-9474-1A3956D46DE8}") = "examples", "examples", "{A83D6B58-6D38-46AF-8C20-5CFC170A1063}"
EndProject
Project("{2150E333-8FDC-42A3-9474-1A3956D46DE8}") = "Solution Items", "Solution Items", "{9AFB8C96-1E6E-483E-9882-75D2483E7076}"
	ProjectSection(SolutionItems) = preProject
		.editorconfig = .editorconfig
		.gitignore = .gitignore
		paket.dependencies = paket.dependencies
		README.md = README.md
		docs\RELEASE_NOTES.md = docs\RELEASE_NOTES.md
	EndProjectSection
EndProject
Global
	GlobalSection(SolutionConfigurationPlatforms) = preSolution
		Debug|Any CPU = Debug|Any CPU
		Release|Any CPU = Release|Any CPU
	EndGlobalSection
	GlobalSection(ProjectConfigurationPlatforms) = postSolution
		{6F957FF3-AFCC-4D69-8FBC-71AE21BC45C9}.Debug|Any CPU.ActiveCfg = Debug|Any CPU
		{6F957FF3-AFCC-4D69-8FBC-71AE21BC45C9}.Debug|Any CPU.Build.0 = Debug|Any CPU
		{6F957FF3-AFCC-4D69-8FBC-71AE21BC45C9}.Release|Any CPU.ActiveCfg = Release|Any CPU
		{6F957FF3-AFCC-4D69-8FBC-71AE21BC45C9}.Release|Any CPU.Build.0 = Release|Any CPU
		{04935FA6-E48B-496F-8D6A-41A59232303D}.Debug|Any CPU.ActiveCfg = Debug|Any CPU
		{04935FA6-E48B-496F-8D6A-41A59232303D}.Debug|Any CPU.Build.0 = Debug|Any CPU
		{04935FA6-E48B-496F-8D6A-41A59232303D}.Release|Any CPU.ActiveCfg = Release|Any CPU
		{04935FA6-E48B-496F-8D6A-41A59232303D}.Release|Any CPU.Build.0 = Release|Any CPU
		{B1328B70-33B8-40E0-A729-38C34D659B5C}.Debug|Any CPU.ActiveCfg = Debug|Any CPU
		{B1328B70-33B8-40E0-A729-38C34D659B5C}.Debug|Any CPU.Build.0 = Debug|Any CPU
		{B1328B70-33B8-40E0-A729-38C34D659B5C}.Release|Any CPU.ActiveCfg = Release|Any CPU
		{B1328B70-33B8-40E0-A729-38C34D659B5C}.Release|Any CPU.Build.0 = Release|Any CPU
	EndGlobalSection
	GlobalSection(SolutionProperties) = preSolution
		HideSolutionNode = FALSE
	EndGlobalSection
	GlobalSection(NestedProjects) = preSolution
		{04935FA6-E48B-496F-8D6A-41A59232303D} = {A83D6B58-6D38-46AF-8C20-5CFC170A1063}
	EndGlobalSection
	GlobalSection(ExtensibilityGlobals) = postSolution
		SolutionGuid = {E623EFF5-2CA4-4FA0-B3AB-53F921DA212E}
	EndGlobalSection
EndGlobal
